Microsoft Visual Studio Solution File, Format Version 12.00
# Visual Studio Version 17
VisualStudioVersion = 17.0.31912.275
MinimumVisualStudioVersion = 10.0.40219.1
Project("{9A19103F-16F7-4668-BE54-9A1E7A4F7556}") = "Chuave.Scholarship.Api", "backend\Chuave.Scholarship.Api\Chuave.Scholarship.Api.csproj", "{971C77E6-2A2F-4C62-A8E5-F98339232557}"
EndProject
Project("{9A19103F-16F7-4668-BE54-9A1E7A4F7556}") = "Chuave.Scholarship.ClientWinForms", "frontend\Chuave.Scholarship.ClientWinForms\Chuave.Scholarship.ClientWinForms.csproj", "{8E33B537-8E24-489A-BD7C-311D38E526BB}"
EndProject
Global
	GlobalSection(SolutionConfigurationPlatforms) = preSolution
		Debug|Any CPU = Debug|Any CPU
		Release|Any CPU = Release|Any CPU
	EndGlobalSection
	GlobalSection(ProjectConfigurationPlatforms) = postSolution
		{971C77E6-2A2F-4C62-A8E5-F98339232557}.Debug|Any CPU.ActiveCfg = Debug|Any CPU
		{971C77E6-2A2F-4C62-A8E5-F98339232557}.Debug|Any CPU.Build.0 = Debug|Any CPU
		{971C77E6-2A2F-4C62-A8E5-F98339232557}.Release|Any CPU.ActiveCfg = Release|Any CPU
		{971C77E6-2A2F-4C62-A8E5-F98339232557}.Release|Any CPU.Build.0 = Release|Any CPU
		{8E33B537-8E24-489A-BD7C-311D38E526BB}.Debug|Any CPU.ActiveCfg = Debug|Any CPU
		{8E33B537-8E24-489A-BD7C-311D38E526BB}.Debug|Any CPU.Build.0 = Debug|Any CPU
		{8E33B537-8E24-489A-BD7C-311D38E526BB}.Release|Any CPU.ActiveCfg = Release|Any CPU
		{8E33B537-8E24-489A-BD7C-311D38E526BB}.Release|Any CPU.Build.0 = Release|Any CPU
	EndGlobalSection
	GlobalSection(SolutionProperties) = preSolution
		HideSolutionNode = FALSE
	EndGlobalSection
EndGlobal
